
Microsoft Visual Studio Solution File, Format Version 10.00
# Visual Studio 2008
Project("{FAE04EC0-301F-11D3-BF4B-00C04F79EFBC}") = "BanjoKazooieLevelEditor", "BB.csproj", "{788BF2A0-91A1-4FCD-ACF5-9A9400953082}"
EndProject
Global
	GlobalSection(SolutionConfigurationPlatforms) = preSolution
		Debug|Any CPU = Debug|Any CPU
		Release|Any CPU = Release|Any CPU
	EndGlobalSection
	GlobalSection(ProjectConfigurationPlatforms) = postSolution
		{788BF2A0-91A1-4FCD-ACF5-9A9400953082}.Debug|Any CPU.ActiveCfg = Debug|Any CPU
		{788BF2A0-91A1-4FCD-ACF5-9A9400953082}.Debug|Any CPU.Build.0 = Debug|Any CPU
		{788BF2A0-91A1-4FCD-ACF5-9A9400953082}.Release|Any CPU.ActiveCfg = Release|Any CPU
		{788BF2A0-91A1-4FCD-ACF5-9A9400953082}.Release|Any CPU.Build.0 = Release|Any CPU
	EndGlobalSection
	GlobalSection(SolutionProperties) = preSolution
		HideSolutionNode = FALSE
	EndGlobalSection
EndGlobal
